
Microsoft Visual Studio Solution File, Format Version 12.00
# Visual Studio Version 17
VisualStudioVersion = 17.10.35004.147
MinimumVisualStudioVersion = 10.0.40219.1
Project("{FAE04EC0-301F-11D3-BF4B-00C04F79EFBC}") = "OOPgyakorlas", "OOPgyakorlas\OOPgyakorlas.csproj", "{6798F0B5-8C0C-45DF-91FB-248F8B4B7783}"
EndProject
Global
	GlobalSection(SolutionConfigurationPlatforms) = preSolution
		Debug|Any CPU = Debug|Any CPU
		Release|Any CPU = Release|Any CPU
	EndGlobalSection
	GlobalSection(ProjectConfigurationPlatforms) = postSolution
		{6798F0B5-8C0C-45DF-91FB-248F8B4B7783}.Debug|Any CPU.ActiveCfg = Debug|Any CPU
		{6798F0B5-8C0C-45DF-91FB-248F8B4B7783}.Debug|Any CPU.Build.0 = Debug|Any CPU
		{6798F0B5-8C0C-45DF-91FB-248F8B4B7783}.Release|Any CPU.ActiveCfg = Release|Any CPU
		{6798F0B5-8C0C-45DF-91FB-248F8B4B7783}.Release|Any CPU.Build.0 = Release|Any CPU
	EndGlobalSection
	GlobalSection(SolutionProperties) = preSolution
		HideSolutionNode = FALSE
	EndGlobalSection
	GlobalSection(ExtensibilityGlobals) = postSolution
		SolutionGuid = {C89EB364-0328-4CE3-BDFA-2810E96BCD5A}
	EndGlobalSection
EndGlobal
